
Microsoft Visual Studio Solution File, Format Version 12.00
# Visual Studio Version 16
VisualStudioVersion = 16.0.30621.155
MinimumVisualStudioVersion = 10.0.40219.1
Project("{FAE04EC0-301F-11D3-BF4B-00C04F79EFBC}") = "02_Conditionals", "..\02_Conditionals\02_Conditionals.csproj", "{37F48425-52AC-4A61-865F-3645A57409DA}"
EndProject
Project("{FAE04EC0-301F-11D3-BF4B-00C04F79EFBC}") = "03_Loops", "..\03_Loops\03_Loops.csproj", "{E179FCA0-FF0C-440E-A3CD-1DE25099C128}"
EndProject
Project("{FAE04EC0-301F-11D3-BF4B-00C04F79EFBC}") = "01_Types", "01_Types.csproj", "{6F2FEE7D-E4EA-4E9B-A11A-E9CC61A03A85}"
EndProject
Project("{FAE04EC0-301F-11D3-BF4B-00C04F79EFBC}") = "04_Methods", "..\04_Methods\04_Methods\04_Methods.csproj", "{B3A8C6DC-AC2A-49F6-8C57-F84C60B390B0}"
EndProject
Project("{FAE04EC0-301F-11D3-BF4B-00C04F79EFBC}") = "05_Classes", "..\05_Classes\05_Classes\05_Classes.csproj", "{C62F1E6F-6BFB-4378-AEB4-23078F8236CD}"
EndProject
Global
	GlobalSection(SolutionConfigurationPlatforms) = preSolution
		Debug|Any CPU = Debug|Any CPU
		Release|Any CPU = Release|Any CPU
	EndGlobalSection
	GlobalSection(ProjectConfigurationPlatforms) = postSolution
		{37F48425-52AC-4A61-865F-3645A57409DA}.Debug|Any CPU.ActiveCfg = Debug|Any CPU
		{37F48425-52AC-4A61-865F-3645A57409DA}.Debug|Any CPU.Build.0 = Debug|Any CPU
		{37F48425-52AC-4A61-865F-3645A57409DA}.Release|Any CPU.ActiveCfg = Release|Any CPU
		{37F48425-52AC-4A61-865F-3645A57409DA}.Release|Any CPU.Build.0 = Release|Any CPU
		{E179FCA0-FF0C-440E-A3CD-1DE25099C128}.Debug|Any CPU.ActiveCfg = Debug|Any CPU
		{E179FCA0-FF0C-440E-A3CD-1DE25099C128}.Debug|Any CPU.Build.0 = Debug|Any CPU
		{E179FCA0-FF0C-440E-A3CD-1DE25099C128}.Release|Any CPU.ActiveCfg = Release|Any CPU
		{E179FCA0-FF0C-440E-A3CD-1DE25099C128}.Release|Any CPU.Build.0 = Release|Any CPU
		{6F2FEE7D-E4EA-4E9B-A11A-E9CC61A03A85}.Debug|Any CPU.ActiveCfg = Debug|Any CPU
		{6F2FEE7D-E4EA-4E9B-A11A-E9CC61A03A85}.Debug|Any CPU.Build.0 = Debug|Any CPU
		{6F2FEE7D-E4EA-4E9B-A11A-E9CC61A03A85}.Release|Any CPU.ActiveCfg = Release|Any CPU
		{6F2FEE7D-E4EA-4E9B-A11A-E9CC61A03A85}.Release|Any CPU.Build.0 = Release|Any CPU
		{B3A8C6DC-AC2A-49F6-8C57-F84C60B390B0}.Debug|Any CPU.ActiveCfg = Debug|Any CPU
		{B3A8C6DC-AC2A-49F6-8C57-F84C60B390B0}.Debug|Any CPU.Build.0 = Debug|Any CPU
		{B3A8C6DC-AC2A-49F6-8C57-F84C60B390B0}.Release|Any CPU.ActiveCfg = Release|Any CPU
		{B3A8C6DC-AC2A-49F6-8C57-F84C60B390B0}.Release|Any CPU.Build.0 = Release|Any CPU
		{C62F1E6F-6BFB-4378-AEB4-23078F8236CD}.Debug|Any CPU.ActiveCfg = Debug|Any CPU
		{C62F1E6F-6BFB-4378-AEB4-23078F8236CD}.Debug|Any CPU.Build.0 = Debug|Any CPU
		{C62F1E6F-6BFB-4378-AEB4-23078F8236CD}.Release|Any CPU.ActiveCfg = Release|Any CPU
		{C62F1E6F-6BFB-4378-AEB4-23078F8236CD}.Release|Any CPU.Build.0 = Release|Any CPU
	EndGlobalSection
	GlobalSection(SolutionProperties) = preSolution
		HideSolutionNode = FALSE
	EndGlobalSection
	GlobalSection(ExtensibilityGlobals) = postSolution
		SolutionGuid = {C54AED73-283E-4F36-8B0E-96C49502A74C}
	EndGlobalSection
EndGlobal
